
Microsoft Visual Studio Solution File, Format Version 12.00
# Visual Studio Version 16
VisualStudioVersion = 16.0.31205.134
MinimumVisualStudioVersion = 10.0.40219.1
Project("{FAE04EC0-301F-11D3-BF4B-00C04F79EFBC}") = "TicTacToe Game", "TicTacToe Game\TicTacToe Game.csproj", "{5899C355-76B2-46F9-9CDD-33BA659EE57F}"
EndProject
Global
	GlobalSection(SolutionConfigurationPlatforms) = preSolution
		Debug|Any CPU = Debug|Any CPU
		Release|Any CPU = Release|Any CPU
	EndGlobalSection
	GlobalSection(ProjectConfigurationPlatforms) = postSolution
		{5899C355-76B2-46F9-9CDD-33BA659EE57F}.Debug|Any CPU.ActiveCfg = Debug|Any CPU
		{5899C355-76B2-46F9-9CDD-33BA659EE57F}.Debug|Any CPU.Build.0 = Debug|Any CPU
		{5899C355-76B2-46F9-9CDD-33BA659EE57F}.Release|Any CPU.ActiveCfg = Release|Any CPU
		{5899C355-76B2-46F9-9CDD-33BA659EE57F}.Release|Any CPU.Build.0 = Release|Any CPU
	EndGlobalSection
	GlobalSection(SolutionProperties) = preSolution
		HideSolutionNode = FALSE
	EndGlobalSection
	GlobalSection(ExtensibilityGlobals) = postSolution
		SolutionGuid = {1FDA0528-C60D-4DA7-85B8-76257FE07104}
	EndGlobalSection
EndGlobal
